
Microsoft Visual Studio Solution File, Format Version 12.00
# Visual Studio Version 16
VisualStudioVersion = 16.0.30621.155
MinimumVisualStudioVersion = 10.0.40219.1
Project("{FAE04EC0-301F-11D3-BF4B-00C04F79EFBC}") = "Elkay-Coding-Assignment", "Elkay-Coding-Assignment\Elkay-Coding-Assignment.csproj", "{EEF17A18-2D91-45E2-A535-865C4A7AB43B}"
EndProject
Global
	GlobalSection(SolutionConfigurationPlatforms) = preSolution
		Debug|Any CPU = Debug|Any CPU
		Release|Any CPU = Release|Any CPU
	EndGlobalSection
	GlobalSection(ProjectConfigurationPlatforms) = postSolution
		{EEF17A18-2D91-45E2-A535-865C4A7AB43B}.Debug|Any CPU.ActiveCfg = Debug|Any CPU
		{EEF17A18-2D91-45E2-A535-865C4A7AB43B}.Debug|Any CPU.Build.0 = Debug|Any CPU
		{EEF17A18-2D91-45E2-A535-865C4A7AB43B}.Release|Any CPU.ActiveCfg = Release|Any CPU
		{EEF17A18-2D91-45E2-A535-865C4A7AB43B}.Release|Any CPU.Build.0 = Release|Any CPU
	EndGlobalSection
	GlobalSection(SolutionProperties) = preSolution
		HideSolutionNode = FALSE
	EndGlobalSection
	GlobalSection(ExtensibilityGlobals) = postSolution
		SolutionGuid = {86482019-4D1A-4432-871D-0F9202382A05}
	EndGlobalSection
EndGlobal
